
Microsoft Visual Studio Solution File, Format Version 12.00
# Visual Studio Version 16
VisualStudioVersion = 16.0.30717.126
MinimumVisualStudioVersion = 10.0.40219.1
Project("{FAE04EC0-301F-11D3-BF4B-00C04F79EFBC}") = "XFOutlinedMaterialEntry.UWP", "XFOutlinedMaterialEntry\XFOutlinedMaterialEntry.UWP\XFOutlinedMaterialEntry.UWP.csproj", "{F3B8E4DE-A087-40AA-9C34-64EB739F9395}"
EndProject
Project("{FAE04EC0-301F-11D3-BF4B-00C04F79EFBC}") = "XFOutlinedMaterialEntry.iOS", "XFOutlinedMaterialEntry\XFOutlinedMaterialEntry.iOS\XFOutlinedMaterialEntry.iOS.csproj", "{113072C8-1345-467F-BAAC-8BFA425AEB6B}"
EndProject
Project("{9A19103F-16F7-4668-BE54-9A1E7A4F7556}") = "XFOutlinedMaterialEntry", "XFOutlinedMaterialEntry\XFOutlinedMaterialEntry\XFOutlinedMaterialEntry.csproj", "{7D8D49A6-278F-424D-A9BE-CBFB91322F4F}"
EndProject
Project("{FAE04EC0-301F-11D3-BF4B-00C04F79EFBC}") = "XFOutlinedMaterialEntry.Droid", "XFOutlinedMaterialEntry\XFOutlinedMaterialEntry.Droid\XFOutlinedMaterialEntry.Droid.csproj", "{31F552DF-C7B6-4D27-B962-7601BA0F3B83}"
EndProject
Project("{FAE04EC0-301F-11D3-BF4B-00C04F79EFBC}") = "XFOutlinedMaterialEntry.MacOS", "XFOutlinedMaterialEntry.MacOS\XFOutlinedMaterialEntry.MacOS.csproj", "{6151D7CC-9081-461F-BB8F-CD729DD6230D}"
EndProject
Global
	GlobalSection(SolutionConfigurationPlatforms) = preSolution
		Debug|Any CPU = Debug|Any CPU
		Debug|ARM = Debug|ARM
		Debug|iPhone = Debug|iPhone
		Debug|iPhoneSimulator = Debug|iPhoneSimulator
		Debug|x64 = Debug|x64
		Debug|x86 = Debug|x86
		Release|Any CPU = Release|Any CPU
		Release|ARM = Release|ARM
		Release|iPhone = Release|iPhone
		Release|iPhoneSimulator = Release|iPhoneSimulator
		Release|x64 = Release|x64
		Release|x86 = Release|x86
	EndGlobalSection
	GlobalSection(ProjectConfigurationPlatforms) = postSolution
		{F3B8E4DE-A087-40AA-9C34-64EB739F9395}.Debug|Any CPU.ActiveCfg = Debug|x86
		{F3B8E4DE-A087-40AA-9C34-64EB739F9395}.Debug|Any CPU.Build.0 = Debug|x86
		{F3B8E4DE-A087-40AA-9C34-64EB739F9395}.Debug|Any CPU.Deploy.0 = Debug|x86
		{F3B8E4DE-A087-40AA-9C34-64EB739F9395}.Debug|ARM.ActiveCfg = Debug|ARM
		{F3B8E4DE-A087-40AA-9C34-64EB739F9395}.Debug|ARM.Build.0 = Debug|ARM
		{F3B8E4DE-A087-40AA-9C34-64EB739F9395}.Debug|ARM.Deploy.0 = Debug|ARM
		{F3B8E4DE-A087-40AA-9C34-64EB739F9395}.Debug|iPhone.ActiveCfg = Debug|x86
		{F3B8E4DE-A087-40AA-9C34-64EB739F9395}.Debug|iPhone.Build.0 = Debug|x86
		{F3B8E4DE-A087-40AA-9C34-64EB739F9395}.Debug|iPhone.Deploy.0 = Debug|x86
		{F3B8E4DE-A087-40AA-9C34-64EB739F9395}.Debug|iPhoneSimulator.ActiveCfg = Debug|x86
		{F3B8E4DE-A087-40AA-9C34-64EB739F9395}.Debug|iPhoneSimulator.Build.0 = Debug|x86
		{F3B8E4DE-A087-40AA-9C34-64EB739F9395}.Debug|iPhoneSimulator.Deploy.0 = Debug|x86
		{F3B8E4DE-A087-40AA-9C34-64EB739F9395}.Debug|x64.ActiveCfg = Debug|x64
		{F3B8E4DE-A087-40AA-9C34-64EB739F9395}.Debug|x64.Build.0 = Debug|x64
		{F3B8E4DE-A087-40AA-9C34-64EB739F9395}.Debug|x64.Deploy.0 = Debug|x64
		{F3B8E4DE-A087-40AA-9C34-64EB739F9395}.Debug|x86.ActiveCfg = Debug|x86
		{F3B8E4DE-A087-40AA-9C34-64EB739F9395}.Debug|x86.Build.0 = Debug|x86
		{F3B8E4DE-A087-40AA-9C34-64EB739F9395}.Debug|x86.Deploy.0 = Debug|x86
		{F3B8E4DE-A087-40AA-9C34-64EB739F9395}.Release|Any CPU.ActiveCfg = Release|x86
		{F3B8E4DE-A087-40AA-9C34-64EB739F9395}.Release|Any CPU.Build.0 = Release|x86
		{F3B8E4DE-A087-40AA-9C34-64EB739F9395}.Release|Any CPU.Deploy.0 = Release|x86
		{F3B8E4DE-A087-40AA-9C34-64EB739F9395}.Release|ARM.ActiveCfg = Release|ARM
		{F3B8E4DE-A087-40AA-9C34-64EB739F9395}.Release|ARM.Build.0 = Release|ARM
		{F3B8E4DE-A087-40AA-9C34-64EB739F9395}.Release|ARM.Deploy.0 = Release|ARM
		{F3B8E4DE-A087-40AA-9C34-64EB739F9395}.Release|iPhone.ActiveCfg = Release|x86
		{F3B8E4DE-A087-40AA-9C34-64EB739F9395}.Release|iPhone.Build.0 = Release|x86
		{F3B8E4DE-A087-40AA-9C34-64EB739F9395}.Release|iPhone.Deploy.0 = Release|x86
		{F3B8E4DE-A087-40AA-9C34-64EB739F9395}.Release|iPhoneSimulator.ActiveCfg = Release|x86
		{F3B8E4DE-A087-40AA-9C34-64EB739F9395}.Release|iPhoneSimulator.Build.0 = Release|x86
		{F3B8E4DE-A087-40AA-9C34-64EB739F9395}.Release|iPhoneSimulator.Deploy.0 = Release|x86
		{F3B8E4DE-A087-40AA-9C34-64EB739F9395}.Release|x64.ActiveCfg = Release|x64
		{F3B8E4DE-A087-40AA-9C34-64EB739F9395}.Release|x64.Build.0 = Release|x64
		{F3B8E4DE-A087-40AA-9C34-64EB739F9395}.Release|x64.Deploy.0 = Release|x64
		{F3B8E4DE-A087-40AA-9C34-64EB739F9395}.Release|x86.ActiveCfg = Release|x86
		{F3B8E4DE-A087-40AA-9C34-64EB739F9395}.Release|x86.Build.0 = Release|x86
		{F3B8E4DE-A087-40AA-9C34-64EB739F9395}.Release|x86.Deploy.0 = Release|x86
		{113072C8-1345-467F-BAAC-8BFA425AEB6B}.Debug|Any CPU.ActiveCfg = Debug|iPhoneSimulator
		{113072C8-1345-467F-BAAC-8BFA425AEB6B}.Debug|Any CPU.Build.0 = Debug|iPhoneSimulator
		{113072C8-1345-467F-BAAC-8BFA425AEB6B}.Debug|Any CPU.Deploy.0 = Debug|iPhoneSimulator
		{113072C8-1345-467F-BAAC-8BFA425AEB6B}.Debug|ARM.ActiveCfg = Debug|iPhone
		{113072C8-1345-467F-BAAC-8BFA425AEB6B}.Debug|ARM.Build.0 = Debug|iPhone
		{113072C8-1345-467F-BAAC-8BFA425AEB6B}.Debug|ARM.Deploy.0 = Debug|iPhone
		{113072C8-1345-467F-BAAC-8BFA425AEB6B}.Debug|iPhone.ActiveCfg = Debug|iPhone
		{113072C8-1345-467F-BAAC-8BFA425AEB6B}.Debug|iPhone.Build.0 = Debug|iPhone
		{113072C8-1345-467F-BAAC-8BFA425AEB6B}.Debug|iPhone.Deploy.0 = Debug|iPhone
		{113072C8-1345-467F-BAAC-8BFA425AEB6B}.Debug|iPhoneSimulator.ActiveCfg = Debug|iPhoneSimulator
		{113072C8-1345-467F-BAAC-8BFA425AEB6B}.Debug|iPhoneSimulator.Build.0 = Debug|iPhoneSimulator
		{113072C8-1345-467F-BAAC-8BFA425AEB6B}.Debug|iPhoneSimulator.Deploy.0 = Debug|iPhoneSimulator
		{113072C8-1345-467F-BAAC-8BFA425AEB6B}.Debug|x64.ActiveCfg = Debug|iPhoneSimulator
		{113072C8-1345-467F-BAAC-8BFA425AEB6B}.Debug|x64.Build.0 = Debug|iPhoneSimulator
		{113072C8-1345-467F-BAAC-8BFA425AEB6B}.Debug|x64.Deploy.0 = Debug|iPhoneSimulator
		{113072C8-1345-467F-BAAC-8BFA425AEB6B}.Debug|x86.ActiveCfg = Debug|iPhoneSimulator
		{113072C8-1345-467F-BAAC-8BFA425AEB6B}.Debug|x86.Build.0 = Debug|iPhoneSimulator
		{113072C8-1345-467F-BAAC-8BFA425AEB6B}.Debug|x86.Deploy.0 = Debug|iPhoneSimulator
		{113072C8-1345-467F-BAAC-8BFA425AEB6B}.Release|Any CPU.ActiveCfg = Release|iPhoneSimulator
		{113072C8-1345-467F-BAAC-8BFA425AEB6B}.Release|Any CPU.Build.0 = Release|iPhoneSimulator
		{113072C8-1345-467F-BAAC-8BFA425AEB6B}.Release|Any CPU.Deploy.0 = Release|iPhoneSimulator
		{113072C8-1345-467F-BAAC-8BFA425AEB6B}.Release|ARM.ActiveCfg = Release|iPhoneSimulator
		{113072C8-1345-467F-BAAC-8BFA425AEB6B}.Release|ARM.Build.0 = Release|iPhoneSimulator
		{113072C8-1345-467F-BAAC-8BFA425AEB6B}.Release|ARM.Deploy.0 = Release|iPhoneSimulator
		{113072C8-1345-467F-BAAC-8BFA425AEB6B}.Release|iPhone.ActiveCfg = Release|iPhone
		{113072C8-1345-467F-BAAC-8BFA425AEB6B}.Release|iPhone.Build.0 = Release|iPhone
		{113072C8-1345-467F-BAAC-8BFA425AEB6B}.Release|iPhone.Deploy.0 = Release|iPhone
		{113072C8-1345-467F-BAAC-8BFA425AEB6B}.Release|iPhoneSimulator.ActiveCfg = Release|iPhoneSimulator
		{113072C8-1345-467F-BAAC-8BFA425AEB6B}.Release|iPhoneSimulator.Build.0 = Release|iPhoneSimulator
		{113072C8-1345-467F-BAAC-8BFA425AEB6B}.Release|iPhoneSimulator.Deploy.0 = Release|iPhoneSimulator
		{113072C8-1345-467F-BAAC-8BFA425AEB6B}.Release|x64.ActiveCfg = Release|iPhoneSimulator
		{113072C8-1345-467F-BAAC-8BFA425AEB6B}.Release|x64.Build.0 = Release|iPhoneSimulator
		{113072C8-1345-467F-BAAC-8BFA425AEB6B}.Release|x64.Deploy.0 = Release|iPhoneSimulator
		{113072C8-1345-467F-BAAC-8BFA425AEB6B}.Release|x86.ActiveCfg = Release|iPhoneSimulator
		{113072C8-1345-467F-BAAC-8BFA425AEB6B}.Release|x86.Build.0 = Release|iPhoneSimulator
		{113072C8-1345-467F-BAAC-8BFA425AEB6B}.Release|x86.Deploy.0 = Release|iPhoneSimulator
		{7D8D49A6-278F-424D-A9BE-CBFB91322F4F}.Debug|Any CPU.ActiveCfg = Debug|Any CPU
		{7D8D49A6-278F-424D-A9BE-CBFB91322F4F}.Debug|Any CPU.Build.0 = Debug|Any CPU
		{7D8D49A6-278F-424D-A9BE-CBFB91322F4F}.Debug|Any CPU.Deploy.0 = Debug|Any CPU
		{7D8D49A6-278F-424D-A9BE-CBFB91322F4F}.Debug|ARM.ActiveCfg = Debug|Any CPU
		{7D8D49A6-278F-424D-A9BE-CBFB91322F4F}.Debug|ARM.Build.0 = Debug|Any CPU
		{7D8D49A6-278F-424D-A9BE-CBFB91322F4F}.Debug|ARM.Deploy.0 = Debug|Any CPU
		{7D8D49A6-278F-424D-A9BE-CBFB91322F4F}.Debug|iPhone.ActiveCfg = Debug|Any CPU
		{7D8D49A6-278F-424D-A9BE-CBFB91322F4F}.Debug|iPhone.Build.0 = Debug|Any CPU
		{7D8D49A6-278F-424D-A9BE-CBFB91322F4F}.Debug|iPhone.Deploy.0 = Debug|Any CPU
		{7D8D49A6-278F-424D-A9BE-CBFB91322F4F}.Debug|iPhoneSimulator.ActiveCfg = Debug|Any CPU
		{7D8D49A6-278F-424D-A9BE-CBFB91322F4F}.Debug|iPhoneSimulator.Build.0 = Debug|Any CPU
		{7D8D49A6-278F-424D-A9BE-CBFB91322F4F}.Debug|iPhoneSimulator.Deploy.0 = Debug|Any CPU
		{7D8D49A6-278F-424D-A9BE-CBFB91322F4F}.Debug|x64.ActiveCfg = Debug|Any CPU
		{7D8D49A6-278F-424D-A9BE-CBFB91322F4F}.Debug|x64.Build.0 = Debug|Any CPU
		{7D8D49A6-278F-424D-A9BE-CBFB91322F4F}.Debug|x64.Deploy.0 = Debug|Any CPU
		{7D8D49A6-278F-424D-A9BE-CBFB91322F4F}.Debug|x86.ActiveCfg = Debug|Any CPU
		{7D8D49A6-278F-424D-A9BE-CBFB91322F4F}.Debug|x86.Build.0 = Debug|Any CPU
		{7D8D49A6-278F-424D-A9BE-CBFB91322F4F}.Debug|x86.Deploy.0 = Debug|Any CPU
		{7D8D49A6-278F-424D-A9BE-CBFB91322F4F}.Release|Any CPU.ActiveCfg = Release|Any CPU
		{7D8D49A6-278F-424D-A9BE-CBFB91322F4F}.Release|Any CPU.Build.0 = Release|Any CPU
		{7D8D49A6-278F-424D-A9BE-CBFB91322F4F}.Release|Any CPU.Deploy.0 = Release|Any CPU
		{7D8D49A6-278F-424D-A9BE-CBFB91322F4F}.Release|ARM.ActiveCfg = Release|Any CPU
		{7D8D49A6-278F-424D-A9BE-CBFB91322F4F}.Release|ARM.Build.0 = Release|Any CPU
		{7D8D49A6-278F-424D-A9BE-CBFB91322F4F}.Release|ARM.Deploy.0 = Release|Any CPU
		{7D8D49A6-278F-424D-A9BE-CBFB91322F4F}.Release|iPhone.ActiveCfg = Release|Any CPU
		{7D8D49A6-278F-424D-A9BE-CBFB91322F4F}.Release|iPhone.Build.0 = Release|Any CPU
		{7D8D49A6-278F-424D-A9BE-CBFB91322F4F}.Release|iPhone.Deploy.0 = Release|Any CPU
		{7D8D49A6-278F-424D-A9BE-CBFB91322F4F}.Release|iPhoneSimulator.ActiveCfg = Release|Any CPU
		{7D8D49A6-278F-424D-A9BE-CBFB91322F4F}.Release|iPhoneSimulator.Build.0 = Release|Any CPU
		{7D8D49A6-278F-424D-A9BE-CBFB91322F4F}.Release|iPhoneSimulator.Deploy.0 = Release|Any CPU
		{7D8D49A6-278F-424D-A9BE-CBFB91322F4F}.Release|x64.ActiveCfg = Release|Any CPU
		{7D8D49A6-278F-424D-A9BE-CBFB91322F4F}.Release|x64.Build.0 = Release|Any CPU
		{7D8D49A6-278F-424D-A9BE-CBFB91322F4F}.Release|x64.Deploy.0 = Release|Any CPU
		{7D8D49A6-278F-424D-A9BE-CBFB91322F4F}.Release|x86.ActiveCfg = Release|Any CPU
		{7D8D49A6-278F-424D-A9BE-CBFB91322F4F}.Release|x86.Build.0 = Release|Any CPU
		{7D8D49A6-278F-424D-A9BE-CBFB91322F4F}.Release|x86.Deploy.0 = Release|Any CPU
		{31F552DF-C7B6-4D27-B962-7601BA0F3B83}.Debug|Any CPU.ActiveCfg = Debug|Any CPU
		{31F552DF-C7B6-4D27-B962-7601BA0F3B83}.Debug|Any CPU.Build.0 = Debug|Any CPU
		{31F552DF-C7B6-4D27-B962-7601BA0F3B83}.Debug|Any CPU.Deploy.0 = Debug|Any CPU
		{31F552DF-C7B6-4D27-B962-7601BA0F3B83}.Debug|ARM.ActiveCfg = Debug|Any CPU
		{31F552DF-C7B6-4D27-B962-7601BA0F3B83}.Debug|ARM.Build.0 = Debug|Any CPU
		{31F552DF-C7B6-4D27-B962-7601BA0F3B83}.Debug|ARM.Deploy.0 = Debug|Any CPU
		{31F552DF-C7B6-4D27-B962-7601BA0F3B83}.Debug|iPhone.ActiveCfg = Debug|Any CPU
		{31F552DF-C7B6-4D27-B962-7601BA0F3B83}.Debug|iPhone.Build.0 = Debug|Any CPU
		{31F552DF-C7B6-4D27-B962-7601BA0F3B83}.Debug|iPhone.Deploy.0 = Debug|Any CPU
		{31F552DF-C7B6-4D27-B962-7601BA0F3B83}.Debug|iPhoneSimulator.ActiveCfg = Debug|Any CPU
		{31F552DF-C7B6-4D27-B962-7601BA0F3B83}.Debug|iPhoneSimulator.Build.0 = Debug|Any CPU
		{31F552DF-C7B6-4D27-B962-7601BA0F3B83}.Debug|iPhoneSimulator.Deploy.0 = Debug|Any CPU
		{31F552DF-C7B6-4D27-B962-7601BA0F3B83}.Debug|x64.ActiveCfg = Debug|Any CPU
		{31F552DF-C7B6-4D27-B962-7601BA0F3B83}.Debug|x64.Build.0 = Debug|Any CPU
		{31F552DF-C7B6-4D27-B962-7601BA0F3B83}.Debug|x64.Deploy.0 = Debug|Any CPU
		{31F552DF-C7B6-4D27-B962-7601BA0F3B83}.Debug|x86.ActiveCfg = Debug|Any CPU
		{31F552DF-C7B6-4D27-B962-7601BA0F3B83}.Debug|x86.Build.0 = Debug|Any CPU
		{31F552DF-C7B6-4D27-B962-7601BA0F3B83}.Debug|x86.Deploy.0 = Debug|Any CPU
		{31F552DF-C7B6-4D27-B962-7601BA0F3B83}.Release|Any CPU.ActiveCfg = Release|Any CPU
		{31F552DF-C7B6-4D27-B962-7601BA0F3B83}.Release|Any CPU.Build.0 = Release|Any CPU
		{31F552DF-C7B6-4D27-B962-7601BA0F3B83}.Release|Any CPU.Deploy.0 = Release|Any CPU
		{31F552DF-C7B6-4D27-B962-7601BA0F3B83}.Release|ARM.ActiveCfg = Release|Any CPU
		{31F552DF-C7B6-4D27-B962-7601BA0F3B83}.Release|ARM.Build.0 = Release|Any CPU
		{31F552DF-C7B6-4D27-B962-7601BA0F3B83}.Release|ARM.Deploy.0 = Release|Any CPU
		{31F552DF-C7B6-4D27-B962-7601BA0F3B83}.Release|iPhone.ActiveCfg = Release|Any CPU
		{31F552DF-C7B6-4D27-B962-7601BA0F3B83}.Release|iPhone.Build.0 = Release|Any CPU
		{31F552DF-C7B6-4D27-B962-7601BA0F3B83}.Release|iPhone.Deploy.0 = Release|Any CPU
		{31F552DF-C7B6-4D27-B962-7601BA0F3B83}.Release|iPhoneSimulator.ActiveCfg = Release|Any CPU
		{31F552DF-C7B6-4D27-B962-7601BA0F3B83}.Release|iPhoneSimulator.Build.0 = Release|Any CPU
		{31F552DF-C7B6-4D27-B962-7601BA0F3B83}.Release|iPhoneSimulator.Deploy.0 = Release|Any CPU
		{31F552DF-C7B6-4D27-B962-7601BA0F3B83}.Release|x64.ActiveCfg = Release|Any CPU
		{31F552DF-C7B6-4D27-B962-7601BA0F3B83}.Release|x64.Build.0 = Release|Any CPU
		{31F552DF-C7B6-4D27-B962-7601BA0F3B83}.Release|x64.Deploy.0 = Release|Any CPU
		{31F552DF-C7B6-4D27-B962-7601BA0F3B83}.Release|x86.ActiveCfg = Release|Any CPU
		{31F552DF-C7B6-4D27-B962-7601BA0F3B83}.Release|x86.Build.0 = Release|Any CPU
		{31F552DF-C7B6-4D27-B962-7601BA0F3B83}.Release|x86.Deploy.0 = Release|Any CPU
		{6151D7CC-9081-461F-BB8F-CD729DD6230D}.Debug|Any CPU.ActiveCfg = Debug|Any CPU
		{6151D7CC-9081-461F-BB8F-CD729DD6230D}.Debug|Any CPU.Build.0 = Debug|Any CPU
		{6151D7CC-9081-461F-BB8F-CD729DD6230D}.Debug|ARM.ActiveCfg = Debug|Any CPU
		{6151D7CC-9081-461F-BB8F-CD729DD6230D}.Debug|ARM.Build.0 = Debug|Any CPU
		{6151D7CC-9081-461F-BB8F-CD729DD6230D}.Debug|iPhone.ActiveCfg = Debug|Any CPU
		{6151D7CC-9081-461F-BB8F-CD729DD6230D}.Debug|iPhone.Build.0 = Debug|Any CPU
		{6151D7CC-9081-461F-BB8F-CD729DD6230D}.Debug|iPhoneSimulator.ActiveCfg = Debug|Any CPU
		{6151D7CC-9081-461F-BB8F-CD729DD6230D}.Debug|iPhoneSimulator.Build.0 = Debug|Any CPU
		{6151D7CC-9081-461F-BB8F-CD729DD6230D}.Debug|x64.ActiveCfg = Debug|Any CPU
		{6151D7CC-9081-461F-BB8F-CD729DD6230D}.Debug|x64.Build.0 = Debug|Any CPU
		{6151D7CC-9081-461F-BB8F-CD729DD6230D}.Debug|x86.ActiveCfg = Debug|Any CPU
		{6151D7CC-9081-461F-BB8F-CD729DD6230D}.Debug|x86.Build.0 = Debug|Any CPU
		{6151D7CC-9081-461F-BB8F-CD729DD6230D}.Release|Any CPU.ActiveCfg = Release|Any CPU
		{6151D7CC-9081-461F-BB8F-CD729DD6230D}.Release|Any CPU.Build.0 = Release|Any CPU
		{6151D7CC-9081-461F-BB8F-CD729DD6230D}.Release|ARM.ActiveCfg = Release|Any CPU
		{6151D7CC-9081-461F-BB8F-CD729DD6230D}.Release|ARM.Build.0 = Release|Any CPU
		{6151D7CC-9081-461F-BB8F-CD729DD6230D}.Release|iPhone.ActiveCfg = Release|Any CPU
		{6151D7CC-9081-461F-BB8F-CD729DD6230D}.Release|iPhone.Build.0 = Release|Any CPU
		{6151D7CC-9081-461F-BB8F-CD729DD6230D}.Release|iPhoneSimulator.ActiveCfg = Release|Any CPU
		{6151D7CC-9081-461F-BB8F-CD729DD6230D}.Release|iPhoneSimulator.Build.0 = Release|Any CPU
		{6151D7CC-9081-461F-BB8F-CD729DD6230D}.Release|x64.ActiveCfg = Release|Any CPU
		{6151D7CC-9081-461F-BB8F-CD729DD6230D}.Release|x64.Build.0 = Release|Any CPU
		{6151D7CC-9081-461F-BB8F-CD729DD6230D}.Release|x86.ActiveCfg = Release|Any CPU
		{6151D7CC-9081-461F-BB8F-CD729DD6230D}.Release|x86.Build.0 = Release|Any CPU
	EndGlobalSection
	GlobalSection(SolutionProperties) = preSolution
		HideSolutionNode = FALSE
	EndGlobalSection
	GlobalSection(ExtensibilityGlobals) = postSolution
		SolutionGuid = {BD8E67B5-55FB-4367-A3FA-40F8C789AB6C}
	EndGlobalSection
EndGlobal
